
Microsoft Visual Studio Solution File, Format Version 12.00
Project("{FAE04EC0-301F-11D3-BF4B-00C04F79EFBC}") = "Commander", "Commander\Commander.csproj", "{748DD66A-825E-4C85-88A0-9A5313A973B3}"
EndProject
Project("{FAE04EC0-301F-11D3-BF4B-00C04F79EFBC}") = "Test", "Test\Test.csproj", "{336439B5-6579-49A6-8DB2-0EC2B7A2BE62}"
EndProject
Global
	GlobalSection(SolutionConfigurationPlatforms) = preSolution
		Debug|Any CPU = Debug|Any CPU
		Release|Any CPU = Release|Any CPU
	EndGlobalSection
	GlobalSection(ProjectConfigurationPlatforms) = postSolution
		{748DD66A-825E-4C85-88A0-9A5313A973B3}.Debug|Any CPU.ActiveCfg = Debug|Any CPU
		{748DD66A-825E-4C85-88A0-9A5313A973B3}.Debug|Any CPU.Build.0 = Debug|Any CPU
		{748DD66A-825E-4C85-88A0-9A5313A973B3}.Release|Any CPU.ActiveCfg = Release|Any CPU
		{748DD66A-825E-4C85-88A0-9A5313A973B3}.Release|Any CPU.Build.0 = Release|Any CPU
		{336439B5-6579-49A6-8DB2-0EC2B7A2BE62}.Debug|Any CPU.ActiveCfg = Debug|Any CPU
		{336439B5-6579-49A6-8DB2-0EC2B7A2BE62}.Debug|Any CPU.Build.0 = Debug|Any CPU
		{336439B5-6579-49A6-8DB2-0EC2B7A2BE62}.Release|Any CPU.ActiveCfg = Release|Any CPU
		{336439B5-6579-49A6-8DB2-0EC2B7A2BE62}.Release|Any CPU.Build.0 = Release|Any CPU
	EndGlobalSection
EndGlobal
